lockfileVersion: '6.0'

settings:
  autoInstallPeers: true
  excludeLinksFromLockfile: false

importers:

  .: {}

  apps/chat:
    dependencies:
      dompurify:
        specifier: 3.4.14
        version: 3.4.14
      marked:
        specifier: 18.0.11
        version: 18.0.11

  apps/dashboard: {}

packages:

  /@types/trusted-types@2.0.7:
    resolution: {integrity: sha512-ScaPdn1dQczgbl0QFTeTOmVHFULt394XJgOQNoyVhZ6r2vLnMLJfBPd53SB52T/3G36VI1/g2MZaX0cwDuXsfw==}
    requiresBuild: true
    dev: false
    optional: true

  /dompurify@3.4.14:
    resolution: {integrity: sha512-dVoH9z+MY+C9IilgGCk3YfFqjLi3fChm2OiKJMzh6axrJ5qwxqWaZamgmHrpv22CN/KdbZJuGEGgfQoL00LTdg==}
    optionalDependencies:
      '@types/trusted-types': 2.0.7
    dev: false

  /marked@18.0.11:
    resolution: {integrity: sha512-HnslJfsZkRPBDJRHvVtAaWlZHEpSu7u8LgQuJCELjRKuWR+hpq4A7sLq3p8HaI9ypVoXDXxV34CsQJEe1+J5Aw==}
    engines: {node: '>= 20'}
    hasBin: true
    dev: false
